
Microsoft Visual Studio Solution File, Format Version 12.00
# Visual Studio Version 16
VisualStudioVersion = 16.0.29905.134
MinimumVisualStudioVersion = 10.0.40219.1
Project("{FAE04EC0-301F-11D3-BF4B-00C04F79EFBC}") = "MyFitness", "MyFitness.csproj", "{4AC45643-2B2F-4084-BFF9-E253DE015F15}"
EndProject
Global
	GlobalSection(SolutionConfigurationPlatforms) = preSolution
		Debug|Any CPU = Debug|Any CPU
		Release|Any CPU = Release|Any CPU
	EndGlobalSection
	GlobalSection(ProjectConfigurationPlatforms) = postSolution
		{4AC45643-2B2F-4084-BFF9-E253DE015F15}.Debug|Any CPU.ActiveCfg = Debug|Any CPU
		{4AC45643-2B2F-4084-BFF9-E253DE015F15}.Debug|Any CPU.Build.0 = Debug|Any CPU
		{4AC45643-2B2F-4084-BFF9-E253DE015F15}.Release|Any CPU.ActiveCfg = Release|Any CPU
		{4AC45643-2B2F-4084-BFF9-E253DE015F15}.Release|Any CPU.Build.0 = Release|Any CPU
	EndGlobalSection
	GlobalSection(SolutionProperties) = preSolution
		HideSolutionNode = FALSE
	EndGlobalSection
	GlobalSection(ExtensibilityGlobals) = postSolution
		SolutionGuid = {08512E86-ED1E-41C4-A081-85BD32CAD5F4}
	EndGlobalSection
EndGlobal
